// !$*UTF8*$!
{
	archiveVersion = 1;
	classes = {
	};
	objectVersion = 46;
	objects = {

/* Begin PBXBuildFile section */
		34466BCB197521A700AD355B /* Foundation.framework in Frameworks */ = {isa = PBXBuildFile; fileRef = 34466BCA197521A700AD355B /* Foundation.framework */; };
		34466BCD197521A700AD355B /* CoreGraphics.framework in Frameworks */ = {isa = PBXBuildFile; fileRef = 34466BCC197521A700AD355B /* CoreGraphics.framework */; };
		34466BCF197521A700AD355B /* UIKit.framework in Frameworks */ = {isa = PBXBuildFile; fileRef = 34466BCE197521A700AD355B /* UIKit.framework */; };
		34466BD5197521A700AD355B /* InfoPlist.strings in Resources */ = {isa = PBXBuildFile; fileRef = 34466BD3197521A700AD355B /* InfoPlist.strings */; };
		34466BD7197521A700AD355B /* main.m in Sources */ = {isa = PBXBuildFile; fileRef = 34466BD6197521A700AD355B /* main.m */; };
		34466BDB197521A700AD355B /* AppDelegate.m in Sources */ = {isa = PBXBuildFile; fileRef = 34466BDA197521A700AD355B /* AppDelegate.m */; };
		34466BDE197521A700AD355B /* Main.storyboard in Resources */ = {isa = PBXBuildFile; fileRef = 34466BDC197521A700AD355B /* Main.storyboard */; };
		34466BE1197521A700AD355B /* ViewController.m in Sources */ = {isa = PBXBuildFile; fileRef = 34466BE0197521A700AD355B /* ViewController.m */; };
		34466BE3197521A700AD355B /* Images.xcassets in Resources */ = {isa = PBXBuildFile; fileRef = 34466BE2197521A700AD355B /* Images.xcassets */; };
		34466BEA197521A700AD355B /* XCTest.framework in Frameworks */ = {isa = PBXBuildFile; fileRef = 34466BE9197521A700AD355B /* XCTest.framework */; };
		34466BEB197521A700AD355B /* Foundation.framework in Frameworks */ = {isa = PBXBuildFile; fileRef = 34466BCA197521A700AD355B /* Foundation.framework */; };
		34466BEC197521A700AD355B /* UIKit.framework in Frameworks */ = {isa = PBXBuildFile; fileRef = 34466BCE197521A700AD355B /* UIKit.framework */; };
		34466BF4197521A700AD355B /* InfoPlist.strings in Resources */ = {isa = PBXBuildFile; fileRef = 34466BF2197521A700AD355B /* InfoPlist.strings */; };
		34466BF6197521A700AD355B /* HelloGitTest009Tests.m in Sources */ = {isa = PBXBuildFile; fileRef = 34466BF5197521A700AD355B /* HelloGitTest009Tests.m */; };
/* End PBXBuildFile section */

/* Begin PBXContainerItemProxy section */
		34466BED197521A700AD355B /* PBXContainerItemProxy */ = {
			isa = PBXContainerItemProxy;
			containerPortal = 34466BBF197521A700AD355B /* Project object */;
			proxyType = 1;
			remoteGlobalIDString = 34466BC6197521A700AD355B;
			remoteInfo = HelloGitTest009;
		};
/* End PBXContainerItemProxy section */

/* Begin PBXFileReference section */
		34466BC7197521A700AD355B /* HelloGitTest009.app */ = {isa = PBXFileReference; explicitFileType = wrapper.application; includeInIndex = 0; path = HelloGitTest009.app; sourceTree = BUILT_PRODUCTS_DIR; };
		34466BCA197521A700AD355B /* Foundation.framework */ = {isa = PBXFileReference; lastKnownFileType = wrapper.framework; name = Foundation.framework; path = System/Library/Frameworks/Foundation.framework; sourceTree = SDKROOT; };
		34466BCC197521A700AD355B /* CoreGraphics.framework */ = {isa = PBXFileReference; lastKnownFileType = wrapper.framework; name = CoreGraphics.framework; path = System/Library/Frameworks/CoreGraphics.framework; sourceTree = SDKROOT; };
		34466BCE197521A700AD355B /* UIKit.framework */ = {isa = PBXFileReference; lastKnownFileType = wrapper.framework; name = UIKit.framework; path = System/Library/Frameworks/UIKit.framework; sourceTree = SDKROOT; };
		34466BD2197521A700AD355B /* HelloGitTest009-Info.plist */ = {isa = PBXFileReference; lastKnownFileType = text.plist.xml; path = "HelloGitTest009-Info.plist"; sourceTree = "<group>"; };
		34466BD4197521A700AD355B /* en */ = {isa = PBXFileReference; lastKnownFileType = text.plist.strings; name = en; path = en.lproj/InfoPlist.strings; sourceTree = "<group>"; };
		34466BD6197521A700AD355B /* main.m */ = {isa = PBXFileReference; lastKnownFileType = sourcecode.c.objc; path = main.m; sourceTree = "<group>"; };
		34466BD8197521A700AD355B /* HelloGitTest009-Prefix.pch */ = {isa = PBXFileReference; lastKnownFileType = sourcecode.c.h; path = "HelloGitTest009-Prefix.pch"; sourceTree = "<group>"; };
		34466BD9197521A700AD355B /* AppDelegate.h */ = {isa = PBXFileReference; lastKnownFileType = sourcecode.c.h; path = AppDelegate.h; sourceTree = "<group>"; };
		34466BDA197521A700AD355B /* AppDelegate.m */ = {isa = PBXFileReference; lastKnownFileType = sourcecode.c.objc; path = AppDelegate.m; sourceTree = "<group>"; };
		34466BDD197521A700AD355B /* Base */ = {isa = PBXFileReference; lastKnownFileType = file.storyboard; name = Base; path = Base.lproj/Main.storyboard; sourceTree = "<group>"; };
		34466BDF197521A700AD355B /* ViewController.h */ = {isa = PBXFileReference; lastKnownFileType = sourcecode.c.h; path = ViewController.h; sourceTree = "<group>"; };
		34466BE0197521A700AD355B /* ViewController.m */ = {isa = PBXFileReference; lastKnownFileType = sourcecode.c.objc; path = ViewController.m; sourceTree = "<group>"; };
		34466BE2197521A700AD355B /* Images.xcassets */ = {isa = PBXFileReference; lastKnownFileType = folder.assetcatalog; path = Images.xcassets; sourceTree = "<group>"; };
		34466BE8197521A700AD355B /* HelloGitTest009Tests.xctest */ = {isa = PBXFileReference; explicitFileType = wrapper.cfbundle; includeInIndex = 0; path = HelloGitTest009Tests.xctest; sourceTree = BUILT_PRODUCTS_DIR; };
		34466BE9197521A700AD355B /* XCTest.framework */ = {isa = PBXFileReference; lastKnownFileType = wrapper.framework; name = XCTest.framework; path = Library/Frameworks/XCTest.framework; sourceTree = DEVELOPER_DIR; };
		34466BF1197521A700AD355B /* HelloGitTest009Tests-Info.plist */ = {isa = PBXFileReference; lastKnownFileType = text.plist.xml; path = "HelloGitTest009Tests-Info.plist"; sourceTree = "<group>"; };
		34466BF3197521A700AD355B /* en */ = {isa = PBXFileReference; lastKnownFileType = text.plist.strings; name = en; path = en.lproj/InfoPlist.strings; sourceTree = "<group>"; };
		34466BF5197521A700AD355B /* HelloGitTest009Tests.m */ = {isa = PBXFileReference; lastKnownFileType = sourcecode.c.objc; path = HelloGitTest009Tests.m; sourceTree = "<group>"; };
/* End PBXFileReference section */

/* Begin PBXFrameworksBuildPhase section */
		34466BC4197521A700AD355B /* Frameworks */ = {
			isa = PBXFrameworksBuildPhase;
			buildActionMask = 2147483647;
			files = (
				34466BCD197521A700AD355B /* CoreGraphics.framework in Frameworks */,
				34466BCF197521A700AD355B /* UIKit.framework in Frameworks */,
				34466BCB197521A700AD355B /* Foundation.framework in Frameworks */,
			);
			runOnlyForDeploymentPostprocessing = 0;
		};
		34466BE5197521A700AD355B /* Frameworks */ = {
			isa = PBXFrameworksBuildPhase;
			buildActionMask = 2147483647;
			files = (
				34466BEA197521A700AD355B /* XCTest.framework in Frameworks */,
				34466BEC197521A700AD355B /* UIKit.framework in Frameworks */,
				34466BEB197521A700AD355B /* Foundation.framework in Frameworks */,
			);
			runOnlyForDeploymentPostprocessing = 0;
		};
/* End PBXFrameworksBuildPhase section */

/* Begin PBXGroup section */
		34466BBE197521A700AD355B = {
			isa = PBXGroup;
			children = (
				34466BD0197521A700AD355B /* HelloGitTest009 */,
				34466BEF197521A700AD355B /* HelloGitTest009Tests */,
				34466BC9197521A700AD355B /* Frameworks */,
				34466BC8197521A700AD355B /* Products */,
			);
			sourceTree = "<group>";
		};
		34466BC8197521A700AD355B /* Products */ = {
			isa = PBXGroup;
			children = (
				34466BC7197521A700AD355B /* HelloGitTest009.app */,
				34466BE8197521A700AD355B /* HelloGitTest009Tests.xctest */,
			);
			name = Products;
			sourceTree = "<group>";
		};
		34466BC9197521A700AD355B /* Frameworks */ = {
			isa = PBXGroup;
			children = (
				34466BCA197521A700AD355B /* Foundation.framework */,
				34466BCC197521A700AD355B /* CoreGraphics.framework */,
				34466BCE197521A700AD355B /* UIKit.framework */,
				34466BE9197521A700AD355B /* XCTest.framework */,
			);
			name = Frameworks;
			sourceTree = "<group>";
		};
		34466BD0197521A700AD355B /* HelloGitTest009 */ = {
			isa = PBXGroup;
			children = (
				34466BD9197521A700AD355B /* AppDelegate.h */,
				34466BDA197521A700AD355B /* AppDelegate.m */,
				34466BDC197521A700AD355B /* Main.storyboard */,
				34466BDF197521A700AD355B /* ViewController.h */,
				34466BE0197521A700AD355B /* ViewController.m */,
				34466BE2197521A700AD355B /* Images.xcassets */,
				34466BD1197521A700AD355B /* Supporting Files */,
			);
			path = HelloGitTest009;
			sourceTree = "<group>";
		};
		34466BD1197521A700AD355B /* Supporting Files */ = {
			isa = PBXGroup;
			children = (
				34466BD2197521A700AD355B /* HelloGitTest009-Info.plist */,
				34466BD3197521A700AD355B /* InfoPlist.strings */,
				34466BD6197521A700AD355B /* main.m */,
				34466BD8197521A700AD355B /* HelloGitTest009-Prefix.pch */,
			);
			name = "Supporting Files";
			sourceTree = "<group>";
		};
		34466BEF197521A700AD355B /* HelloGitTest009Tests */ = {
			isa = PBXGroup;
			children = (
				34466BF5197521A700AD355B /* HelloGitTest009Tests.m */,
				34466BF0197521A700AD355B /* Supporting Files */,
			);
			path = HelloGitTest009Tests;
			sourceTree = "<group>";
		};
		34466BF0197521A700AD355B /* Supporting Files */ = {
			isa = PBXGroup;
			children = (
				34466BF1197521A700AD355B /* HelloGitTest009Tests-Info.plist */,
				34466BF2197521A700AD355B /* InfoPlist.strings */,
			);
			name = "Supporting Files";
			sourceTree = "<group>";
		};
/* End PBXGroup section */

/* Begin PBXNativeTarget section */
		34466BC6197521A700AD355B /* HelloGitTest009 */ = {
			isa = PBXNativeTarget;
			buildConfigurationList = 34466BF9197521A700AD355B /* Build configuration list for PBXNativeTarget "HelloGitTest009" */;
			buildPhases = (
				34466BC3197521A700AD355B /* Sources */,
				34466BC4197521A700AD355B /* Frameworks */,
				34466BC5197521A700AD355B /* Resources */,
			);
			buildRules = (
			);
			dependencies = (
			);
			name = HelloGitTest009;
			productName = HelloGitTest009;
			productReference = 34466BC7197521A700AD355B /* HelloGitTest009.app */;
			productType = "com.apple.product-type.application";
		};
		34466BE7197521A700AD355B /* HelloGitTest009Tests */ = {
			isa = PBXNativeTarget;
			buildConfigurationList = 34466BFC197521A700AD355B /* Build configuration list for PBXNativeTarget "HelloGitTest009Tests" */;
			buildPhases = (
				34466BE4197521A700AD355B /* Sources */,
				34466BE5197521A700AD355B /* Frameworks */,
				34466BE6197521A700AD355B /* Resources */,
			);
			buildRules = (
			);
			dependencies = (
				34466BEE197521A700AD355B /* PBXTargetDependency */,
			);
			name = HelloGitTest009Tests;
			productName = HelloGitTest009Tests;
			productReference = 34466BE8197521A700AD355B /* HelloGitTest009Tests.xctest */;
			productType = "com.apple.product-type.bundle.unit-test";
		};
/* End PBXNativeTarget section */

/* Begin PBXProject section */
		34466BBF197521A700AD355B /* Project object */ = {
			isa = PBXProject;
			attributes = {
				LastUpgradeCheck = 0510;
				ORGANIZATIONNAME = LZH;
				TargetAttributes = {
					34466BE7197521A700AD355B = {
						TestTargetID = 34466BC6197521A700AD355B;
					};
				};
			};
			buildConfigurationList = 34466BC2197521A700AD355B /* Build configuration list for PBXProject "HelloGitTest009" */;
			compatibilityVersion = "Xcode 3.2";
			developmentRegion = English;
			hasScannedForEncodings = 0;
			knownRegions = (
				en,
				Base,
			);
			mainGroup = 34466BBE197521A700AD355B;
			productRefGroup = 34466BC8197521A700AD355B /* Products */;
			projectDirPath = "";
			projectRoot = "";
			targets = (
				34466BC6197521A700AD355B /* HelloGitTest009 */,
				34466BE7197521A700AD355B /* HelloGitTest009Tests */,
			);
		};
/* End PBXProject section */

/* Begin PBXResourcesBuildPhase section */
		34466BC5197521A700AD355B /* Resources */ = {
			isa = PBXResourcesBuildPhase;
			buildActionMask = 2147483647;
			files = (
				34466BE3197521A700AD355B /* Images.xcassets in Resources */,
				34466BD5197521A700AD355B /* InfoPlist.strings in Resources */,
				34466BDE197521A700AD355B /* Main.storyboard in Resources */,
			);
			runOnlyForDeploymentPostprocessing = 0;
		};
		34466BE6197521A700AD355B /* Resources */ = {
			isa = PBXResourcesBuildPhase;
			buildActionMask = 2147483647;
			files = (
				34466BF4197521A700AD355B /* InfoPlist.strings in Resources */,
			);
			runOnlyForDeploymentPostprocessing = 0;
		};
/* End PBXResourcesBuildPhase section */

/* Begin PBXSourcesBuildPhase section */
		34466BC3197521A700AD355B /* Sources */ = {
			isa = PBXSourcesBuildPhase;
			buildActionMask = 2147483647;
			files = (
				34466BE1197521A700AD355B /* ViewController.m in Sources */,
				34466BDB197521A700AD355B /* AppDelegate.m in Sources */,
				34466BD7197521A700AD355B /* main.m in Sources */,
			);
			runOnlyForDeploymentPostprocessing = 0;
		};
		34466BE4197521A700AD355B /* Sources */ = {
			isa = PBXSourcesBuildPhase;
			buildActionMask = 2147483647;
			files = (
				34466BF6197521A700AD355B /* HelloGitTest009Tests.m in Sources */,
			);
			runOnlyForDeploymentPostprocessing = 0;
		};
/* End PBXSourcesBuildPhase section */

/* Begin PBXTargetDependency section */
		34466BEE197521A700AD355B /* PBXTargetDependency */ = {
			isa = PBXTargetDependency;
			target = 34466BC6197521A700AD355B /* HelloGitTest009 */;
			targetProxy = 34466BED197521A700AD355B /* PBXContainerItemProxy */;
		};
/* End PBXTargetDependency section */

/* Begin PBXVariantGroup section */
		34466BD3197521A700AD355B /* InfoPlist.strings */ = {
			isa = PBXVariantGroup;
			children = (
				34466BD4197521A700AD355B /* en */,
			);
			name = InfoPlist.strings;
			sourceTree = "<group>";
		};
		34466BDC197521A700AD355B /* Main.storyboard */ = {
			isa = PBXVariantGroup;
			children = (
				34466BDD197521A700AD355B /* Base */,
			);
			name = Main.storyboard;
			sourceTree = "<group>";
		};
		34466BF2197521A700AD355B /* InfoPlist.strings */ = {
			isa = PBXVariantGroup;
			children = (
				34466BF3197521A700AD355B /* en */,
			);
			name = InfoPlist.strings;
			sourceTree = "<group>";
		};
/* End PBXVariantGroup section */

/* Begin XCBuildConfiguration section */
		34466BF7197521A700AD355B /* Debug */ = {
			isa = XCBuildConfiguration;
			buildSettings = {
				ALWAYS_SEARCH_USER_PATHS = NO;
				CLANG_CXX_LANGUAGE_STANDARD = "gnu++0x";
				CLANG_CXX_LIBRARY = "libc++";
				CLANG_ENABLE_MODULES = YES;
				CLANG_ENABLE_OBJC_ARC = YES;
				CLANG_WARN_BOOL_CONVERSION = YES;
				CLANG_WARN_CONSTANT_CONVERSION = YES;
				CLANG_WARN_DIRECT_OBJC_ISA_USAGE = YES_ERROR;
				CLANG_WARN_EMPTY_BODY = YES;
				CLANG_WARN_ENUM_CONVERSION = YES;
				CLANG_WARN_INT_CONVERSION = YES;
				CLANG_WARN_OBJC_ROOT_CLASS = YES_ERROR;
				CLANG_WARN__DUPLICATE_METHOD_MATCH = YES;
				"CODE_SIGN_IDENTITY[sdk=iphoneos*]" = "iPhone Developer";
				COPY_PHASE_STRIP = NO;
				GCC_C_LANGUAGE_STANDARD = gnu99;
				GCC_DYNAMIC_NO_PIC = NO;
				GCC_OPTIMIZATION_LEVEL = 0;
				GCC_PREPROCESSOR_DEFINITIONS = (
					"DEBUG=1",
					"$(inherited)",
				);
				GCC_SYMBOLS_PRIVATE_EXTERN = NO;
				GCC_WARN_64_TO_32_BIT_CONVERSION = YES;
				GCC_WARN_ABOUT_RETURN_TYPE = YES_ERROR;
				GCC_WARN_UNDECLARED_SELECTOR = YES;
				GCC_WARN_UNINITIALIZED_AUTOS = YES_AGGRESSIVE;
				GCC_WARN_UNUSED_FUNCTION = YES;
				GCC_WARN_UNUSED_VARIABLE = YES;
				IPHONEOS_DEPLOYMENT_TARGET = 7.1;
				ONLY_ACTIVE_ARCH = YES;
				SDKROOT = iphoneos;
			};
			name = Debug;
		};
		34466BF8197521A700AD355B /* Release */ = {
			isa = XCBuildConfiguration;
			buildSettings = {
				ALWAYS_SEARCH_USER_PATHS = NO;
				CLANG_CXX_LANGUAGE_STANDARD = "gnu++0x";
				CLANG_CXX_LIBRARY = "libc++";
				CLANG_ENABLE_MODULES = YES;
				CLANG_ENABLE_OBJC_ARC = YES;
				CLANG_WARN_BOOL_CONVERSION = YES;
				CLANG_WARN_CONSTANT_CONVERSION = YES;
				CLANG_WARN_DIRECT_OBJC_ISA_USAGE = YES_ERROR;
				CLANG_WARN_EMPTY_BODY = YES;
				CLANG_WARN_ENUM_CONVERSION = YES;
				CLANG_WARN_INT_CONVERSION = YES;
				CLANG_WARN_OBJC_ROOT_CLASS = YES_ERROR;
				CLANG_WARN__DUPLICATE_METHOD_MATCH = YES;
				"CODE_SIGN_IDENTITY[sdk=iphoneos*]" = "iPhone Developer";
				COPY_PHASE_STRIP = YES;
				ENABLE_NS_ASSERTIONS = NO;
				GCC_C_LANGUAGE_STANDARD = gnu99;
				GCC_WARN_64_TO_32_BIT_CONVERSION = YES;
				GCC_WARN_ABOUT_RETURN_TYPE = YES_ERROR;
				GCC_WARN_UNDECLARED_SELECTOR = YES;
				GCC_WARN_UNINITIALIZED_AUTOS = YES_AGGRESSIVE;
				GCC_WARN_UNUSED_FUNCTION = YES;
				GCC_WARN_UNUSED_VARIABLE = YES;
				IPHONEOS_DEPLOYMENT_TARGET = 7.1;
				SDKROOT = iphoneos;
				VALIDATE_PRODUCT = YES;
			};
			name = Release;
		};
		34466BFA197521A700AD355B /* Debug */ = {
			isa = XCBuildConfiguration;
			buildSettings = {
				ASSETCATALOG_COMPILER_APPICON_NAME = AppIcon;
				ASSETCATALOG_COMPILER_LAUNCHIMAGE_NAME = LaunchImage;
				GCC_PRECOMPILE_PREFIX_HEADER = YES;
				GCC_PREFIX_HEADER = "HelloGitTest009/HelloGitTest009-Prefix.pch";
				INFOPLIST_FILE = "HelloGitTest009/HelloGitTest009-Info.plist";
				PRODUCT_NAME = "$(TARGET_NAME)";
				WRAPPER_EXTENSION = app;
			};
			name = Debug;
		};
		34466BFB197521A700AD355B /* Release */ = {
			isa = XCBuildConfiguration;
			buildSettings = {
				ASSETCATALOG_COMPILER_APPICON_NAME = AppIcon;
				ASSETCATALOG_COMPILER_LAUNCHIMAGE_NAME = LaunchImage;
				GCC_PRECOMPILE_PREFIX_HEADER = YES;
				GCC_PREFIX_HEADER = "HelloGitTest009/HelloGitTest009-Prefix.pch";
				INFOPLIST_FILE = "HelloGitTest009/HelloGitTest009-Info.plist";
				PRODUCT_NAME = "$(TARGET_NAME)";
				WRAPPER_EXTENSION = app;
			};
			name = Release;
		};
		34466BFD197521A700AD355B /* Debug */ = {
			isa = XCBuildConfiguration;
			buildSettings = {
				BUNDLE_LOADER = "$(BUILT_PRODUCTS_DIR)/HelloGitTest009.app/HelloGitTest009";
				FRAMEWORK_SEARCH_PATHS = (
					"$(SDKROOT)/Developer/Library/Frameworks",
					"$(inherited)",
					"$(DEVELOPER_FRAMEWORKS_DIR)",
				);
				GCC_PRECOMPILE_PREFIX_HEADER = YES;
				GCC_PREFIX_HEADER = "HelloGitTest009/HelloGitTest009-Prefix.pch";
				GCC_PREPROCESSOR_DEFINITIONS = (
					"DEBUG=1",
					"$(inherited)",
				);
				INFOPLIST_FILE = "HelloGitTest009Tests/HelloGitTest009Tests-Info.plist";
				PRODUCT_NAME = "$(TARGET_NAME)";
				TEST_HOST = "$(BUNDLE_LOADER)";
				WRAPPER_EXTENSION = xctest;
			};
			name = Debug;
		};
		34466BFE197521A700AD355B /* Release */ = {
			isa = XCBuildConfiguration;
			buildSettings = {
				BUNDLE_LOADER = "$(BUILT_PRODUCTS_DIR)/HelloGitTest009.app/HelloGitTest009";
				FRAMEWORK_SEARCH_PATHS = (
					"$(SDKROOT)/Developer/Library/Frameworks",
					"$(inherited)",
					"$(DEVELOPER_FRAMEWORKS_DIR)",
				);
				GCC_PRECOMPILE_PREFIX_HEADER = YES;
				GCC_PREFIX_HEADER = "HelloGitTest009/HelloGitTest009-Prefix.pch";
				INFOPLIST_FILE = "HelloGitTest009Tests/HelloGitTest009Tests-Info.plist";
				PRODUCT_NAME = "$(TARGET_NAME)";
				TEST_HOST = "$(BUNDLE_LOADER)";
				WRAPPER_EXTENSION = xctest;
			};
			name = Release;
		};
/* End XCBuildConfiguration section */

/* Begin XCConfigurationList section */
		34466BC2197521A700AD355B /* Build configuration list for PBXProject "HelloGitTest009" */ = {
			isa = XCConfigurationList;
			buildConfigurations = (
				34466BF7197521A700AD355B /* Debug */,
				34466BF8197521A700AD355B /* Release */,
			);
			defaultConfigurationIsVisible = 0;
			defaultConfigurationName = Release;
		};
		34466BF9197521A700AD355B /* Build configuration list for PBXNativeTarget "HelloGitTest009" */ = {
			isa = XCConfigurationList;
			buildConfigurations = (
				34466BFA197521A700AD355B /* Debug */,
				34466BFB197521A700AD355B /* Release */,
			);
			defaultConfigurationIsVisible = 0;
		};
		34466BFC197521A700AD355B /* Build configuration list for PBXNativeTarget "HelloGitTest009Tests" */ = {
			isa = XCConfigurationList;
			buildConfigurations = (
				34466BFD197521A700AD355B /* Debug */,
				34466BFE197521A700AD355B /* Release */,
			);
			defaultConfigurationIsVisible = 0;
		};
/* End XCConfigurationList section */
	};
	rootObject = 34466BBF197521A700AD355B /* Project object */;
}
